
Microsoft Visual Studio Solution File, Format Version 12.00
# Visual Studio Version 16
VisualStudioVersion = 16.0.32002.261
MinimumVisualStudioVersion = 10.0.40219.1
Project("{FAE04EC0-301F-11D3-BF4B-00C04F79EFBC}") = "Mission4", "Mission4\Mission4.csproj", "{2449A7E7-B845-4865-B61A-8F736E6BF784}"
EndProject
Global
	GlobalSection(SolutionConfigurationPlatforms) = preSolution
		Debug|Any CPU = Debug|Any CPU
		Release|Any CPU = Release|Any CPU
	EndGlobalSection
	GlobalSection(ProjectConfigurationPlatforms) = postSolution
		{2449A7E7-B845-4865-B61A-8F736E6BF784}.Debug|Any CPU.ActiveCfg = Debug|Any CPU
		{2449A7E7-B845-4865-B61A-8F736E6BF784}.Debug|Any CPU.Build.0 = Debug|Any CPU
		{2449A7E7-B845-4865-B61A-8F736E6BF784}.Release|Any CPU.ActiveCfg = Release|Any CPU
		{2449A7E7-B845-4865-B61A-8F736E6BF784}.Release|Any CPU.Build.0 = Release|Any CPU
	EndGlobalSection
	GlobalSection(SolutionProperties) = preSolution
		HideSolutionNode = FALSE
	EndGlobalSection
	GlobalSection(ExtensibilityGlobals) = postSolution
		SolutionGuid = {EEE901D8-34A4-4FF4-8058-FD158959955A}
	EndGlobalSection
EndGlobal
